
Microsoft Visual Studio Solution File, Format Version 12.00
# Visual Studio Version 16
VisualStudioVersion = 16.0.31624.102
MinimumVisualStudioVersion = 10.0.40219.1
Project("{888888A0-9F3D-457C-B088-3A5042F75D52}") = "Exercise3", "Exercise3.pyproj", "{F377AC08-9287-4A05-9B69-A755EC963467}"
EndProject
Global
	GlobalSection(SolutionConfigurationPlatforms) = preSolution
		Debug|Any CPU = Debug|Any CPU
		Release|Any CPU = Release|Any CPU
	EndGlobalSection
	GlobalSection(ProjectConfigurationPlatforms) = postSolution
		{F377AC08-9287-4A05-9B69-A755EC963467}.Debug|Any CPU.ActiveCfg = Debug|Any CPU
		{F377AC08-9287-4A05-9B69-A755EC963467}.Release|Any CPU.ActiveCfg = Release|Any CPU
	EndGlobalSection
	GlobalSection(SolutionProperties) = preSolution
		HideSolutionNode = FALSE
	EndGlobalSection
	GlobalSection(ExtensibilityGlobals) = postSolution
		SolutionGuid = {910996FB-A7C5-457D-8FD5-53C49898902B}
	EndGlobalSection
EndGlobal
